
Microsoft Visual Studio Solution File, Format Version 12.00
# Visual Studio 15
VisualStudioVersion = 15.0.28307.1927
MinimumVisualStudioVersion = 10.0.40219.1
Project("{FAE04EC0-301F-11D3-BF4B-00C04F79EFBC}") = "Düzeltme", "Düzeltme\Düzeltme.csproj", "{24DA7C2C-7576-4CAE-8435-09CE08B57600}"
EndProject
Global
	GlobalSection(SolutionConfigurationPlatforms) = preSolution
		Debug|Any CPU = Debug|Any CPU
		Release|Any CPU = Release|Any CPU
	EndGlobalSection
	GlobalSection(ProjectConfigurationPlatforms) = postSolution
		{24DA7C2C-7576-4CAE-8435-09CE08B57600}.Debug|Any CPU.ActiveCfg = Debug|Any CPU
		{24DA7C2C-7576-4CAE-8435-09CE08B57600}.Debug|Any CPU.Build.0 = Debug|Any CPU
		{24DA7C2C-7576-4CAE-8435-09CE08B57600}.Release|Any CPU.ActiveCfg = Release|Any CPU
		{24DA7C2C-7576-4CAE-8435-09CE08B57600}.Release|Any CPU.Build.0 = Release|Any CPU
	EndGlobalSection
	GlobalSection(SolutionProperties) = preSolution
		HideSolutionNode = FALSE
	EndGlobalSection
	GlobalSection(ExtensibilityGlobals) = postSolution
		SolutionGuid = {FED15DE3-A62B-4324-8AF6-774F5BD30731}
	EndGlobalSection
EndGlobal
